
Microsoft Visual Studio Solution File, Format Version 12.00
# Visual Studio Version 16
VisualStudioVersion = 16.0.33529.622
MinimumVisualStudioVersion = 10.0.40219.1
Project("{FAE04EC0-301F-11D3-BF4B-00C04F79EFBC}") = "WebApplication3_DAY11", "WebApplication3_DAY11.csproj", "{599C043A-E96D-41D1-B183-A62FEB0C6D9C}"
EndProject
Global
	GlobalSection(SolutionConfigurationPlatforms) = preSolution
		Debug|Any CPU = Debug|Any CPU
		Release|Any CPU = Release|Any CPU
	EndGlobalSection
	GlobalSection(ProjectConfigurationPlatforms) = postSolution
		{599C043A-E96D-41D1-B183-A62FEB0C6D9C}.Debug|Any CPU.ActiveCfg = Debug|Any CPU
		{599C043A-E96D-41D1-B183-A62FEB0C6D9C}.Debug|Any CPU.Build.0 = Debug|Any CPU
		{599C043A-E96D-41D1-B183-A62FEB0C6D9C}.Release|Any CPU.ActiveCfg = Release|Any CPU
		{599C043A-E96D-41D1-B183-A62FEB0C6D9C}.Release|Any CPU.Build.0 = Release|Any CPU
	EndGlobalSection
	GlobalSection(SolutionProperties) = preSolution
		HideSolutionNode = FALSE
	EndGlobalSection
	GlobalSection(ExtensibilityGlobals) = postSolution
		SolutionGuid = {DD48F2E6-14B3-4D37-B61F-5D4B687C00FE}
	EndGlobalSection
EndGlobal
